{
  "name": "generator",
  "version": "1.0.0",
  "lockfileVersion": 3,
  "requires": true,
  "packages": {
    "": {
      "name": "generator",
      "version": "1.0.0",
      "license": "ISC",
      "dependencies": {
        "@babylonjs/core": "^7.48.3"
      }
    },
    "node_modules/@babylonjs/core": {
      "version": "7.48.3",
      "resolved": "https://registry.npmjs.org/@babylonjs/core/-/core-7.48.3.tgz",
      "integrity": "sha512-Y9YO8xB8hfFcU/Smo0wWBHZ0SshwN4BvPG/UWtmyw2KsSyuCNK3piddGGvm23+6Q/IVg53RNC6U8SW8Ernl5zQ=="
    }
  }
}
